
Microsoft Visual Studio Solution File, Format Version 12.00
# Visual Studio 15
VisualStudioVersion = 15.0.28010.2046
MinimumVisualStudioVersion = 10.0.40219.1
Project("{FAE04EC0-301F-11D3-BF4B-00C04F79EFBC}") = "ContactsAppUI", "ContactsAppUI\ContactsAppUI.csproj", "{86B78232-E7AE-458F-8CAB-C89A91F3DD61}"
EndProject
Project("{FAE04EC0-301F-11D3-BF4B-00C04F79EFBC}") = "ContactsApp", "ContactsApp\ContactsApp.csproj", "{7C7DDCBD-AEDE-4503-99B4-0F57665AF25E}"
EndProject
Project("{FAE04EC0-301F-11D3-BF4B-00C04F79EFBC}") = "ContactsApp.UnitTests", "ContactsApp.UnitTests\ContactsApp.UnitTests.csproj", "{9B44039B-D8B7-4110-BF70-13F9AE68BC5A}"
EndProject
Global
	GlobalSection(SolutionConfigurationPlatforms) = preSolution
		Debug|Any CPU = Debug|Any CPU
		Release|Any CPU = Release|Any CPU
	EndGlobalSection
	GlobalSection(ProjectConfigurationPlatforms) = postSolution
		{86B78232-E7AE-458F-8CAB-C89A91F3DD61}.Debug|Any CPU.ActiveCfg = Debug|Any CPU
		{86B78232-E7AE-458F-8CAB-C89A91F3DD61}.Debug|Any CPU.Build.0 = Debug|Any CPU
		{86B78232-E7AE-458F-8CAB-C89A91F3DD61}.Release|Any CPU.ActiveCfg = Release|Any CPU
		{86B78232-E7AE-458F-8CAB-C89A91F3DD61}.Release|Any CPU.Build.0 = Release|Any CPU
		{7C7DDCBD-AEDE-4503-99B4-0F57665AF25E}.Debug|Any CPU.ActiveCfg = Debug|Any CPU
		{7C7DDCBD-AEDE-4503-99B4-0F57665AF25E}.Debug|Any CPU.Build.0 = Debug|Any CPU
		{7C7DDCBD-AEDE-4503-99B4-0F57665AF25E}.Release|Any CPU.ActiveCfg = Release|Any CPU
		{7C7DDCBD-AEDE-4503-99B4-0F57665AF25E}.Release|Any CPU.Build.0 = Release|Any CPU
		{9B44039B-D8B7-4110-BF70-13F9AE68BC5A}.Debug|Any CPU.ActiveCfg = Debug|Any CPU
		{9B44039B-D8B7-4110-BF70-13F9AE68BC5A}.Debug|Any CPU.Build.0 = Debug|Any CPU
		{9B44039B-D8B7-4110-BF70-13F9AE68BC5A}.Release|Any CPU.ActiveCfg = Release|Any CPU
		{9B44039B-D8B7-4110-BF70-13F9AE68BC5A}.Release|Any CPU.Build.0 = Release|Any CPU
	EndGlobalSection
	GlobalSection(SolutionProperties) = preSolution
		HideSolutionNode = FALSE
	EndGlobalSection
	GlobalSection(ExtensibilityGlobals) = postSolution
		SolutionGuid = {535B12E0-B3DF-4AB8-808D-6EEAA7A5872F}
	EndGlobalSection
EndGlobal
